
Microsoft Visual Studio Solution File, Format Version 12.00
# Visual Studio 15
VisualStudioVersion = 15.0.27428.2027
MinimumVisualStudioVersion = 10.0.40219.1
Project("{2150E333-8FDC-42A3-9474-1A3956D46DE8}") = "Solution Items", "Solution Items", "{9F1DD2E9-8E2D-49A8-8DAE-54BE211E681C}"
	ProjectSection(SolutionItems) = preProject
		..\LICENSE = ..\LICENSE
		..\README.md = ..\README.md
	EndProjectSection
EndProject
Project("{2150E333-8FDC-42A3-9474-1A3956D46DE8}") = "Test Apps", "Test Apps", "{D9924464-D9F1-44BB-9B4F-CDAF02764439}"
EndProject
Project("{2150E333-8FDC-42A3-9474-1A3956D46DE8}") = "Tests", "Tests", "{35197FF3-7159-4BC9-B9C6-76796534CF1F}"
EndProject
Project("{FAE04EC0-301F-11D3-BF4B-00C04F79EFBC}") = "HttpTracer.TestApp.Android", "HttpTracer.TestApp.Android\HttpTracer.TestApp.Android.csproj", "{A086D442-3B99-427B-8729-132C22E0E3EF}"
EndProject
Project("{9A19103F-16F7-4668-BE54-9A1E7A4F7556}") = "HttpTracer.TestApp", "HttpTracer.TestApp\HttpTracer.TestApp.csproj", "{294FE9CA-3EAE-4D3D-94CC-F4EEDEFAD04E}"
EndProject
Project("{FAE04EC0-301F-11D3-BF4B-00C04F79EFBC}") = "HttpTracer.TestApp.iOS", "HttpTracer.TestApp.iOS\HttpTracer.TestApp.iOS.csproj", "{AD6D9CE5-CF87-4086-B5F0-545E2654D6C4}"
EndProject
Project("{FAE04EC0-301F-11D3-BF4B-00C04F79EFBC}") = "HttpTracer.TestApp.UWP", "HttpTracer.TestApp.UWP\HttpTracer.TestApp.UWP.csproj", "{6B931001-F609-4E5A-889E-52C5D23B5B5A}"
EndProject
Project("{9A19103F-16F7-4668-BE54-9A1E7A4F7556}") = "HttpTracer", "HttpTracer\HttpTracer.csproj", "{6787BBEC-6020-4D19-A1F4-A120C47D9664}"
EndProject
Project("{FAE04EC0-301F-11D3-BF4B-00C04F79EFBC}") = "HttpTracerTests", "HttpTracerTests\HttpTracerTests.csproj", "{750F9737-1784-4028-AA31-3F660DF0BFBF}"
EndProject
Global
	GlobalSection(SolutionConfigurationPlatforms) = preSolution
		Ad-Hoc|Any CPU = Ad-Hoc|Any CPU
		Ad-Hoc|ARM = Ad-Hoc|ARM
		Ad-Hoc|iPhone = Ad-Hoc|iPhone
		Ad-Hoc|iPhoneSimulator = Ad-Hoc|iPhoneSimulator
		Ad-Hoc|x64 = Ad-Hoc|x64
		Ad-Hoc|x86 = Ad-Hoc|x86
		AppStore|Any CPU = AppStore|Any CPU
		AppStore|ARM = AppStore|ARM
		AppStore|iPhone = AppStore|iPhone
		AppStore|iPhoneSimulator = AppStore|iPhoneSimulator
		AppStore|x64 = AppStore|x64
		AppStore|x86 = AppStore|x86
		Debug|Any CPU = Debug|Any CPU
		Debug|ARM = Debug|ARM
		Debug|iPhone = Debug|iPhone
		Debug|iPhoneSimulator = Debug|iPhoneSimulator
		Debug|x64 = Debug|x64
		Debug|x86 = Debug|x86
		Release|Any CPU = Release|Any CPU
		Release|ARM = Release|ARM
		Release|iPhone = Release|iPhone
		Release|iPhoneSimulator = Release|iPhoneSimulator
		Release|x64 = Release|x64
		Release|x86 = Release|x86
	EndGlobalSection
	GlobalSection(ProjectConfigurationPlatforms) = postSolution
		{A086D442-3B99-427B-8729-132C22E0E3EF}.Ad-Hoc|Any CPU.ActiveCfg = Release|Any CPU
		{A086D442-3B99-427B-8729-132C22E0E3EF}.Ad-Hoc|Any CPU.Build.0 = Release|Any CPU
		{A086D442-3B99-427B-8729-132C22E0E3EF}.Ad-Hoc|Any CPU.Deploy.0 = Release|Any CPU
		{A086D442-3B99-427B-8729-132C22E0E3EF}.Ad-Hoc|ARM.ActiveCfg = Release|Any CPU
		{A086D442-3B99-427B-8729-132C22E0E3EF}.Ad-Hoc|ARM.Build.0 = Release|Any CPU
		{A086D442-3B99-427B-8729-132C22E0E3EF}.Ad-Hoc|ARM.Deploy.0 = Release|Any CPU
		{A086D442-3B99-427B-8729-132C22E0E3EF}.Ad-Hoc|iPhone.ActiveCfg = Release|Any CPU
		{A086D442-3B99-427B-8729-132C22E0E3EF}.Ad-Hoc|iPhone.Build.0 = Release|Any CPU
		{A086D442-3B99-427B-8729-132C22E0E3EF}.Ad-Hoc|iPhone.Deploy.0 = Release|Any CPU
		{A086D442-3B99-427B-8729-132C22E0E3EF}.Ad-Hoc|iPhoneSimulator.ActiveCfg = Release|Any CPU
		{A086D442-3B99-427B-8729-132C22E0E3EF}.Ad-Hoc|iPhoneSimulator.Build.0 = Release|Any CPU
		{A086D442-3B99-427B-8729-132C22E0E3EF}.Ad-Hoc|iPhoneSimulator.Deploy.0 = Release|Any CPU
		{A086D442-3B99-427B-8729-132C22E0E3EF}.Ad-Hoc|x64.ActiveCfg = Release|Any CPU
		{A086D442-3B99-427B-8729-132C22E0E3EF}.Ad-Hoc|x64.Build.0 = Release|Any CPU
		{A086D442-3B99-427B-8729-132C22E0E3EF}.Ad-Hoc|x64.Deploy.0 = Release|Any CPU
		{A086D442-3B99-427B-8729-132C22E0E3EF}.Ad-Hoc|x86.ActiveCfg = Release|Any CPU
		{A086D442-3B99-427B-8729-132C22E0E3EF}.Ad-Hoc|x86.Build.0 = Release|Any CPU
		{A086D442-3B99-427B-8729-132C22E0E3EF}.Ad-Hoc|x86.Deploy.0 = Release|Any CPU
		{A086D442-3B99-427B-8729-132C22E0E3EF}.AppStore|Any CPU.ActiveCfg = Release|Any CPU
		{A086D442-3B99-427B-8729-132C22E0E3EF}.AppStore|Any CPU.Build.0 = Release|Any CPU
		{A086D442-3B99-427B-8729-132C22E0E3EF}.AppStore|Any CPU.Deploy.0 = Release|Any CPU
		{A086D442-3B99-427B-8729-132C22E0E3EF}.AppStore|ARM.ActiveCfg = Release|Any CPU
		{A086D442-3B99-427B-8729-132C22E0E3EF}.AppStore|ARM.Build.0 = Release|Any CPU
		{A086D442-3B99-427B-8729-132C22E0E3EF}.AppStore|ARM.Deploy.0 = Release|Any CPU
		{A086D442-3B99-427B-8729-132C22E0E3EF}.AppStore|iPhone.ActiveCfg = Release|Any CPU
		{A086D442-3B99-427B-8729-132C22E0E3EF}.AppStore|iPhone.Build.0 = Release|Any CPU
		{A086D442-3B99-427B-8729-132C22E0E3EF}.AppStore|iPhone.Deploy.0 = Release|Any CPU
		{A086D442-3B99-427B-8729-132C22E0E3EF}.AppStore|iPhoneSimulator.ActiveCfg = Release|Any CPU
		{A086D442-3B99-427B-8729-132C22E0E3EF}.AppStore|iPhoneSimulator.Build.0 = Release|Any CPU
		{A086D442-3B99-427B-8729-132C22E0E3EF}.AppStore|iPhoneSimulator.Deploy.0 = Release|Any CPU
		{A086D442-3B99-427B-8729-132C22E0E3EF}.AppStore|x64.ActiveCfg = Release|Any CPU
		{A086D442-3B99-427B-8729-132C22E0E3EF}.AppStore|x64.Build.0 = Release|Any CPU
		{A086D442-3B99-427B-8729-132C22E0E3EF}.AppStore|x64.Deploy.0 = Release|Any CPU
		{A086D442-3B99-427B-8729-132C22E0E3EF}.AppStore|x86.ActiveCfg = Release|Any CPU
		{A086D442-3B99-427B-8729-132C22E0E3EF}.AppStore|x86.Build.0 = Release|Any CPU
		{A086D442-3B99-427B-8729-132C22E0E3EF}.AppStore|x86.Deploy.0 = Release|Any CPU
		{A086D442-3B99-427B-8729-132C22E0E3EF}.Debug|Any CPU.ActiveCfg = Debug|Any CPU
		{A086D442-3B99-427B-8729-132C22E0E3EF}.Debug|Any CPU.Build.0 = Debug|Any CPU
		{A086D442-3B99-427B-8729-132C22E0E3EF}.Debug|Any CPU.Deploy.0 = Debug|Any CPU
		{A086D442-3B99-427B-8729-132C22E0E3EF}.Debug|ARM.ActiveCfg = Debug|Any CPU
		{A086D442-3B99-427B-8729-132C22E0E3EF}.Debug|ARM.Build.0 = Debug|Any CPU
		{A086D442-3B99-427B-8729-132C22E0E3EF}.Debug|ARM.Deploy.0 = Debug|Any CPU
		{A086D442-3B99-427B-8729-132C22E0E3EF}.Debug|iPhone.ActiveCfg = Debug|Any CPU
		{A086D442-3B99-427B-8729-132C22E0E3EF}.Debug|iPhone.Build.0 = Debug|Any CPU
		{A086D442-3B99-427B-8729-132C22E0E3EF}.Debug|iPhone.Deploy.0 = Debug|Any CPU
		{A086D442-3B99-427B-8729-132C22E0E3EF}.Debug|iPhoneSimulator.ActiveCfg = Debug|Any CPU
		{A086D442-3B99-427B-8729-132C22E0E3EF}.Debug|iPhoneSimulator.Build.0 = Debug|Any CPU
		{A086D442-3B99-427B-8729-132C22E0E3EF}.Debug|iPhoneSimulator.Deploy.0 = Debug|Any CPU
		{A086D442-3B99-427B-8729-132C22E0E3EF}.Debug|x64.ActiveCfg = Debug|Any CPU
		{A086D442-3B99-427B-8729-132C22E0E3EF}.Debug|x64.Build.0 = Debug|Any CPU
		{A086D442-3B99-427B-8729-132C22E0E3EF}.Debug|x64.Deploy.0 = Debug|Any CPU
		{A086D442-3B99-427B-8729-132C22E0E3EF}.Debug|x86.ActiveCfg = Debug|Any CPU
		{A086D442-3B99-427B-8729-132C22E0E3EF}.Debug|x86.Build.0 = Debug|Any CPU
		{A086D442-3B99-427B-8729-132C22E0E3EF}.Debug|x86.Deploy.0 = Debug|Any CPU
		{A086D442-3B99-427B-8729-132C22E0E3EF}.Release|Any CPU.ActiveCfg = Release|Any CPU
		{A086D442-3B99-427B-8729-132C22E0E3EF}.Release|Any CPU.Build.0 = Release|Any CPU
		{A086D442-3B99-427B-8729-132C22E0E3EF}.Release|Any CPU.Deploy.0 = Release|Any CPU
		{A086D442-3B99-427B-8729-132C22E0E3EF}.Release|ARM.ActiveCfg = Release|Any CPU
		{A086D442-3B99-427B-8729-132C22E0E3EF}.Release|ARM.Build.0 = Release|Any CPU
		{A086D442-3B99-427B-8729-132C22E0E3EF}.Release|ARM.Deploy.0 = Release|Any CPU
		{A086D442-3B99-427B-8729-132C22E0E3EF}.Release|iPhone.ActiveCfg = Release|Any CPU
		{A086D442-3B99-427B-8729-132C22E0E3EF}.Release|iPhone.Build.0 = Release|Any CPU
		{A086D442-3B99-427B-8729-132C22E0E3EF}.Release|iPhone.Deploy.0 = Release|Any CPU
		{A086D442-3B99-427B-8729-132C22E0E3EF}.Release|iPhoneSimulator.ActiveCfg = Release|Any CPU
		{A086D442-3B99-427B-8729-132C22E0E3EF}.Release|iPhoneSimulator.Build.0 = Release|Any CPU
		{A086D442-3B99-427B-8729-132C22E0E3EF}.Release|iPhoneSimulator.Deploy.0 = Release|Any CPU
		{A086D442-3B99-427B-8729-132C22E0E3EF}.Release|x64.ActiveCfg = Release|Any CPU
		{A086D442-3B99-427B-8729-132C22E0E3EF}.Release|x64.Build.0 = Release|Any CPU
		{A086D442-3B99-427B-8729-132C22E0E3EF}.Release|x64.Deploy.0 = Release|Any CPU
		{A086D442-3B99-427B-8729-132C22E0E3EF}.Release|x86.ActiveCfg = Release|Any CPU
		{A086D442-3B99-427B-8729-132C22E0E3EF}.Release|x86.Build.0 = Release|Any CPU
		{A086D442-3B99-427B-8729-132C22E0E3EF}.Release|x86.Deploy.0 = Release|Any CPU
		{294FE9CA-3EAE-4D3D-94CC-F4EEDEFAD04E}.Ad-Hoc|Any CPU.ActiveCfg = Debug|Any CPU
		{294FE9CA-3EAE-4D3D-94CC-F4EEDEFAD04E}.Ad-Hoc|Any CPU.Build.0 = Debug|Any CPU
		{294FE9CA-3EAE-4D3D-94CC-F4EEDEFAD04E}.Ad-Hoc|ARM.ActiveCfg = Debug|Any CPU
		{294FE9CA-3EAE-4D3D-94CC-F4EEDEFAD04E}.Ad-Hoc|ARM.Build.0 = Debug|Any CPU
		{294FE9CA-3EAE-4D3D-94CC-F4EEDEFAD04E}.Ad-Hoc|iPhone.ActiveCfg = Debug|Any CPU
		{294FE9CA-3EAE-4D3D-94CC-F4EEDEFAD04E}.Ad-Hoc|iPhone.Build.0 = Debug|Any CPU
		{294FE9CA-3EAE-4D3D-94CC-F4EEDEFAD04E}.Ad-Hoc|iPhoneSimulator.ActiveCfg = Debug|Any CPU
		{294FE9CA-3EAE-4D3D-94CC-F4EEDEFAD04E}.Ad-Hoc|iPhoneSimulator.Build.0 = Debug|Any CPU
		{294FE9CA-3EAE-4D3D-94CC-F4EEDEFAD04E}.Ad-Hoc|x64.ActiveCfg = Debug|Any CPU
		{294FE9CA-3EAE-4D3D-94CC-F4EEDEFAD04E}.Ad-Hoc|x64.Build.0 = Debug|Any CPU
		{294FE9CA-3EAE-4D3D-94CC-F4EEDEFAD04E}.Ad-Hoc|x86.ActiveCfg = Debug|Any CPU
		{294FE9CA-3EAE-4D3D-94CC-F4EEDEFAD04E}.Ad-Hoc|x86.Build.0 = Debug|Any CPU
		{294FE9CA-3EAE-4D3D-94CC-F4EEDEFAD04E}.AppStore|Any CPU.ActiveCfg = Debug|Any CPU
		{294FE9CA-3EAE-4D3D-94CC-F4EEDEFAD04E}.AppStore|Any CPU.Build.0 = Debug|Any CPU
		{294FE9CA-3EAE-4D3D-94CC-F4EEDEFAD04E}.AppStore|ARM.ActiveCfg = Debug|Any CPU
		{294FE9CA-3EAE-4D3D-94CC-F4EEDEFAD04E}.AppStore|ARM.Build.0 = Debug|Any CPU
		{294FE9CA-3EAE-4D3D-94CC-F4EEDEFAD04E}.AppStore|iPhone.ActiveCfg = Debug|Any CPU
		{294FE9CA-3EAE-4D3D-94CC-F4EEDEFAD04E}.AppStore|iPhone.Build.0 = Debug|Any CPU
		{294FE9CA-3EAE-4D3D-94CC-F4EEDEFAD04E}.AppStore|iPhoneSimulator.ActiveCfg = Debug|Any CPU
		{294FE9CA-3EAE-4D3D-94CC-F4EEDEFAD04E}.AppStore|iPhoneSimulator.Build.0 = Debug|Any CPU
		{294FE9CA-3EAE-4D3D-94CC-F4EEDEFAD04E}.AppStore|x64.ActiveCfg = Debug|Any CPU
		{294FE9CA-3EAE-4D3D-94CC-F4EEDEFAD04E}.AppStore|x64.Build.0 = Debug|Any CPU
		{294FE9CA-3EAE-4D3D-94CC-F4EEDEFAD04E}.AppStore|x86.ActiveCfg = Debug|Any CPU
		{294FE9CA-3EAE-4D3D-94CC-F4EEDEFAD04E}.AppStore|x86.Build.0 = Debug|Any CPU
		{294FE9CA-3EAE-4D3D-94CC-F4EEDEFAD04E}.Debug|Any CPU.ActiveCfg = Debug|Any CPU
		{294FE9CA-3EAE-4D3D-94CC-F4EEDEFAD04E}.Debug|Any CPU.Build.0 = Debug|Any CPU
		{294FE9CA-3EAE-4D3D-94CC-F4EEDEFAD04E}.Debug|ARM.ActiveCfg = Debug|Any CPU
		{294FE9CA-3EAE-4D3D-94CC-F4EEDEFAD04E}.Debug|ARM.Build.0 = Debug|Any CPU
		{294FE9CA-3EAE-4D3D-94CC-F4EEDEFAD04E}.Debug|iPhone.ActiveCfg = Debug|Any CPU
		{294FE9CA-3EAE-4D3D-94CC-F4EEDEFAD04E}.Debug|iPhone.Build.0 = Debug|Any CPU
		{294FE9CA-3EAE-4D3D-94CC-F4EEDEFAD04E}.Debug|iPhoneSimulator.ActiveCfg = Debug|Any CPU
		{294FE9CA-3EAE-4D3D-94CC-F4EEDEFAD04E}.Debug|iPhoneSimulator.Build.0 = Debug|Any CPU
		{294FE9CA-3EAE-4D3D-94CC-F4EEDEFAD04E}.Debug|x64.ActiveCfg = Debug|Any CPU
		{294FE9CA-3EAE-4D3D-94CC-F4EEDEFAD04E}.Debug|x64.Build.0 = Debug|Any CPU
		{294FE9CA-3EAE-4D3D-94CC-F4EEDEFAD04E}.Debug|x86.ActiveCfg = Debug|Any CPU
		{294FE9CA-3EAE-4D3D-94CC-F4EEDEFAD04E}.Debug|x86.Build.0 = Debug|Any CPU
		{294FE9CA-3EAE-4D3D-94CC-F4EEDEFAD04E}.Release|Any CPU.ActiveCfg = Release|Any CPU
		{294FE9CA-3EAE-4D3D-94CC-F4EEDEFAD04E}.Release|Any CPU.Build.0 = Release|Any CPU
		{294FE9CA-3EAE-4D3D-94CC-F4EEDEFAD04E}.Release|ARM.ActiveCfg = Release|Any CPU
		{294FE9CA-3EAE-4D3D-94CC-F4EEDEFAD04E}.Release|ARM.Build.0 = Release|Any CPU
		{294FE9CA-3EAE-4D3D-94CC-F4EEDEFAD04E}.Release|iPhone.ActiveCfg = Release|Any CPU
		{294FE9CA-3EAE-4D3D-94CC-F4EEDEFAD04E}.Release|iPhone.Build.0 = Release|Any CPU
		{294FE9CA-3EAE-4D3D-94CC-F4EEDEFAD04E}.Release|iPhoneSimulator.ActiveCfg = Release|Any CPU
		{294FE9CA-3EAE-4D3D-94CC-F4EEDEFAD04E}.Release|iPhoneSimulator.Build.0 = Release|Any CPU
		{294FE9CA-3EAE-4D3D-94CC-F4EEDEFAD04E}.Release|x64.ActiveCfg = Release|Any CPU
		{294FE9CA-3EAE-4D3D-94CC-F4EEDEFAD04E}.Release|x64.Build.0 = Release|Any CPU
		{294FE9CA-3EAE-4D3D-94CC-F4EEDEFAD04E}.Release|x86.ActiveCfg = Release|Any CPU
		{294FE9CA-3EAE-4D3D-94CC-F4EEDEFAD04E}.Release|x86.Build.0 = Release|Any CPU
		{AD6D9CE5-CF87-4086-B5F0-545E2654D6C4}.Ad-Hoc|Any CPU.ActiveCfg = Ad-Hoc|iPhone
		{AD6D9CE5-CF87-4086-B5F0-545E2654D6C4}.Ad-Hoc|ARM.ActiveCfg = Ad-Hoc|iPhone
		{AD6D9CE5-CF87-4086-B5F0-545E2654D6C4}.Ad-Hoc|iPhone.ActiveCfg = Ad-Hoc|iPhone
		{AD6D9CE5-CF87-4086-B5F0-545E2654D6C4}.Ad-Hoc|iPhone.Build.0 = Ad-Hoc|iPhone
		{AD6D9CE5-CF87-4086-B5F0-545E2654D6C4}.Ad-Hoc|iPhoneSimulator.ActiveCfg = Ad-Hoc|iPhoneSimulator
		{AD6D9CE5-CF87-4086-B5F0-545E2654D6C4}.Ad-Hoc|iPhoneSimulator.Build.0 = Ad-Hoc|iPhoneSimulator
		{AD6D9CE5-CF87-4086-B5F0-545E2654D6C4}.Ad-Hoc|x64.ActiveCfg = Ad-Hoc|iPhone
		{AD6D9CE5-CF87-4086-B5F0-545E2654D6C4}.Ad-Hoc|x86.ActiveCfg = Ad-Hoc|iPhone
		{AD6D9CE5-CF87-4086-B5F0-545E2654D6C4}.AppStore|Any CPU.ActiveCfg = AppStore|iPhone
		{AD6D9CE5-CF87-4086-B5F0-545E2654D6C4}.AppStore|ARM.ActiveCfg = AppStore|iPhone
		{AD6D9CE5-CF87-4086-B5F0-545E2654D6C4}.AppStore|iPhone.ActiveCfg = AppStore|iPhone
		{AD6D9CE5-CF87-4086-B5F0-545E2654D6C4}.AppStore|iPhone.Build.0 = AppStore|iPhone
		{AD6D9CE5-CF87-4086-B5F0-545E2654D6C4}.AppStore|iPhoneSimulator.ActiveCfg = AppStore|iPhoneSimulator
		{AD6D9CE5-CF87-4086-B5F0-545E2654D6C4}.AppStore|iPhoneSimulator.Build.0 = AppStore|iPhoneSimulator
		{AD6D9CE5-CF87-4086-B5F0-545E2654D6C4}.AppStore|x64.ActiveCfg = AppStore|iPhone
		{AD6D9CE5-CF87-4086-B5F0-545E2654D6C4}.AppStore|x86.ActiveCfg = AppStore|iPhone
		{AD6D9CE5-CF87-4086-B5F0-545E2654D6C4}.Debug|Any CPU.ActiveCfg = Debug|iPhone
		{AD6D9CE5-CF87-4086-B5F0-545E2654D6C4}.Debug|ARM.ActiveCfg = Debug|iPhone
		{AD6D9CE5-CF87-4086-B5F0-545E2654D6C4}.Debug|iPhone.ActiveCfg = Debug|iPhone
		{AD6D9CE5-CF87-4086-B5F0-545E2654D6C4}.Debug|iPhone.Build.0 = Debug|iPhone
		{AD6D9CE5-CF87-4086-B5F0-545E2654D6C4}.Debug|iPhoneSimulator.ActiveCfg = Debug|iPhoneSimulator
		{AD6D9CE5-CF87-4086-B5F0-545E2654D6C4}.Debug|iPhoneSimulator.Build.0 = Debug|iPhoneSimulator
		{AD6D9CE5-CF87-4086-B5F0-545E2654D6C4}.Debug|x64.ActiveCfg = Debug|iPhone
		{AD6D9CE5-CF87-4086-B5F0-545E2654D6C4}.Debug|x86.ActiveCfg = Debug|iPhone
		{AD6D9CE5-CF87-4086-B5F0-545E2654D6C4}.Release|Any CPU.ActiveCfg = Release|iPhone
		{AD6D9CE5-CF87-4086-B5F0-545E2654D6C4}.Release|ARM.ActiveCfg = Release|iPhone
		{AD6D9CE5-CF87-4086-B5F0-545E2654D6C4}.Release|iPhone.ActiveCfg = Release|iPhone
		{AD6D9CE5-CF87-4086-B5F0-545E2654D6C4}.Release|iPhone.Build.0 = Release|iPhone
		{AD6D9CE5-CF87-4086-B5F0-545E2654D6C4}.Release|iPhoneSimulator.ActiveCfg = Release|iPhoneSimulator
		{AD6D9CE5-CF87-4086-B5F0-545E2654D6C4}.Release|iPhoneSimulator.Build.0 = Release|iPhoneSimulator
		{AD6D9CE5-CF87-4086-B5F0-545E2654D6C4}.Release|x64.ActiveCfg = Release|iPhone
		{AD6D9CE5-CF87-4086-B5F0-545E2654D6C4}.Release|x86.ActiveCfg = Release|iPhone
		{6B931001-F609-4E5A-889E-52C5D23B5B5A}.Ad-Hoc|Any CPU.ActiveCfg = Release|x86
		{6B931001-F609-4E5A-889E-52C5D23B5B5A}.Ad-Hoc|Any CPU.Build.0 = Release|x86
		{6B931001-F609-4E5A-889E-52C5D23B5B5A}.Ad-Hoc|Any CPU.Deploy.0 = Release|x86
		{6B931001-F609-4E5A-889E-52C5D23B5B5A}.Ad-Hoc|ARM.ActiveCfg = Release|ARM
		{6B931001-F609-4E5A-889E-52C5D23B5B5A}.Ad-Hoc|ARM.Build.0 = Release|ARM
		{6B931001-F609-4E5A-889E-52C5D23B5B5A}.Ad-Hoc|ARM.Deploy.0 = Release|ARM
		{6B931001-F609-4E5A-889E-52C5D23B5B5A}.Ad-Hoc|iPhone.ActiveCfg = Release|x86
		{6B931001-F609-4E5A-889E-52C5D23B5B5A}.Ad-Hoc|iPhone.Build.0 = Release|x86
		{6B931001-F609-4E5A-889E-52C5D23B5B5A}.Ad-Hoc|iPhone.Deploy.0 = Release|x86
		{6B931001-F609-4E5A-889E-52C5D23B5B5A}.Ad-Hoc|iPhoneSimulator.ActiveCfg = Release|x86
		{6B931001-F609-4E5A-889E-52C5D23B5B5A}.Ad-Hoc|iPhoneSimulator.Build.0 = Release|x86
		{6B931001-F609-4E5A-889E-52C5D23B5B5A}.Ad-Hoc|iPhoneSimulator.Deploy.0 = Release|x86
		{6B931001-F609-4E5A-889E-52C5D23B5B5A}.Ad-Hoc|x64.ActiveCfg = Release|x64
		{6B931001-F609-4E5A-889E-52C5D23B5B5A}.Ad-Hoc|x64.Build.0 = Release|x64
		{6B931001-F609-4E5A-889E-52C5D23B5B5A}.Ad-Hoc|x64.Deploy.0 = Release|x64
		{6B931001-F609-4E5A-889E-52C5D23B5B5A}.Ad-Hoc|x86.ActiveCfg = Release|x86
		{6B931001-F609-4E5A-889E-52C5D23B5B5A}.Ad-Hoc|x86.Build.0 = Release|x86
		{6B931001-F609-4E5A-889E-52C5D23B5B5A}.Ad-Hoc|x86.Deploy.0 = Release|x86
		{6B931001-F609-4E5A-889E-52C5D23B5B5A}.AppStore|Any CPU.ActiveCfg = Release|x86
		{6B931001-F609-4E5A-889E-52C5D23B5B5A}.AppStore|Any CPU.Build.0 = Release|x86
		{6B931001-F609-4E5A-889E-52C5D23B5B5A}.AppStore|Any CPU.Deploy.0 = Release|x86
		{6B931001-F609-4E5A-889E-52C5D23B5B5A}.AppStore|ARM.ActiveCfg = Release|ARM
		{6B931001-F609-4E5A-889E-52C5D23B5B5A}.AppStore|ARM.Build.0 = Release|ARM
		{6B931001-F609-4E5A-889E-52C5D23B5B5A}.AppStore|ARM.Deploy.0 = Release|ARM
		{6B931001-F609-4E5A-889E-52C5D23B5B5A}.AppStore|iPhone.ActiveCfg = Release|x86
		{6B931001-F609-4E5A-889E-52C5D23B5B5A}.AppStore|iPhone.Build.0 = Release|x86
		{6B931001-F609-4E5A-889E-52C5D23B5B5A}.AppStore|iPhone.Deploy.0 = Release|x86
		{6B931001-F609-4E5A-889E-52C5D23B5B5A}.AppStore|iPhoneSimulator.ActiveCfg = Release|x86
		{6B931001-F609-4E5A-889E-52C5D23B5B5A}.AppStore|iPhoneSimulator.Build.0 = Release|x86
		{6B931001-F609-4E5A-889E-52C5D23B5B5A}.AppStore|iPhoneSimulator.Deploy.0 = Release|x86
		{6B931001-F609-4E5A-889E-52C5D23B5B5A}.AppStore|x64.ActiveCfg = Release|x64
		{6B931001-F609-4E5A-889E-52C5D23B5B5A}.AppStore|x64.Build.0 = Release|x64
		{6B931001-F609-4E5A-889E-52C5D23B5B5A}.AppStore|x64.Deploy.0 = Release|x64
		{6B931001-F609-4E5A-889E-52C5D23B5B5A}.AppStore|x86.ActiveCfg = Release|x86
		{6B931001-F609-4E5A-889E-52C5D23B5B5A}.AppStore|x86.Build.0 = Release|x86
		{6B931001-F609-4E5A-889E-52C5D23B5B5A}.AppStore|x86.Deploy.0 = Release|x86
		{6B931001-F609-4E5A-889E-52C5D23B5B5A}.Debug|Any CPU.ActiveCfg = Debug|x86
		{6B931001-F609-4E5A-889E-52C5D23B5B5A}.Debug|ARM.ActiveCfg = Debug|ARM
		{6B931001-F609-4E5A-889E-52C5D23B5B5A}.Debug|ARM.Build.0 = Debug|ARM
		{6B931001-F609-4E5A-889E-52C5D23B5B5A}.Debug|ARM.Deploy.0 = Debug|ARM
		{6B931001-F609-4E5A-889E-52C5D23B5B5A}.Debug|iPhone.ActiveCfg = Debug|x86
		{6B931001-F609-4E5A-889E-52C5D23B5B5A}.Debug|iPhoneSimulator.ActiveCfg = Debug|x86
		{6B931001-F609-4E5A-889E-52C5D23B5B5A}.Debug|x64.ActiveCfg = Debug|x64
		{6B931001-F609-4E5A-889E-52C5D23B5B5A}.Debug|x64.Build.0 = Debug|x64
		{6B931001-F609-4E5A-889E-52C5D23B5B5A}.Debug|x64.Deploy.0 = Debug|x64
		{6B931001-F609-4E5A-889E-52C5D23B5B5A}.Debug|x86.ActiveCfg = Debug|x86
		{6B931001-F609-4E5A-889E-52C5D23B5B5A}.Debug|x86.Build.0 = Debug|x86
		{6B931001-F609-4E5A-889E-52C5D23B5B5A}.Debug|x86.Deploy.0 = Debug|x86
		{6B931001-F609-4E5A-889E-52C5D23B5B5A}.Release|Any CPU.ActiveCfg = Release|x86
		{6B931001-F609-4E5A-889E-52C5D23B5B5A}.Release|ARM.ActiveCfg = Release|ARM
		{6B931001-F609-4E5A-889E-52C5D23B5B5A}.Release|ARM.Build.0 = Release|ARM
		{6B931001-F609-4E5A-889E-52C5D23B5B5A}.Release|ARM.Deploy.0 = Release|ARM
		{6B931001-F609-4E5A-889E-52C5D23B5B5A}.Release|iPhone.ActiveCfg = Release|x86
		{6B931001-F609-4E5A-889E-52C5D23B5B5A}.Release|iPhoneSimulator.ActiveCfg = Release|x86
		{6B931001-F609-4E5A-889E-52C5D23B5B5A}.Release|x64.ActiveCfg = Release|x64
		{6B931001-F609-4E5A-889E-52C5D23B5B5A}.Release|x64.Build.0 = Release|x64
		{6B931001-F609-4E5A-889E-52C5D23B5B5A}.Release|x64.Deploy.0 = Release|x64
		{6B931001-F609-4E5A-889E-52C5D23B5B5A}.Release|x86.ActiveCfg = Release|x86
		{6B931001-F609-4E5A-889E-52C5D23B5B5A}.Release|x86.Build.0 = Release|x86
		{6B931001-F609-4E5A-889E-52C5D23B5B5A}.Release|x86.Deploy.0 = Release|x86
		{6787BBEC-6020-4D19-A1F4-A120C47D9664}.Ad-Hoc|Any CPU.ActiveCfg = Debug|Any CPU
		{6787BBEC-6020-4D19-A1F4-A120C47D9664}.Ad-Hoc|Any CPU.Build.0 = Debug|Any CPU
		{6787BBEC-6020-4D19-A1F4-A120C47D9664}.Ad-Hoc|ARM.ActiveCfg = Debug|Any CPU
		{6787BBEC-6020-4D19-A1F4-A120C47D9664}.Ad-Hoc|ARM.Build.0 = Debug|Any CPU
		{6787BBEC-6020-4D19-A1F4-A120C47D9664}.Ad-Hoc|iPhone.ActiveCfg = Debug|Any CPU
		{6787BBEC-6020-4D19-A1F4-A120C47D9664}.Ad-Hoc|iPhone.Build.0 = Debug|Any CPU
		{6787BBEC-6020-4D19-A1F4-A120C47D9664}.Ad-Hoc|iPhoneSimulator.ActiveCfg = Debug|Any CPU
		{6787BBEC-6020-4D19-A1F4-A120C47D9664}.Ad-Hoc|iPhoneSimulator.Build.0 = Debug|Any CPU
		{6787BBEC-6020-4D19-A1F4-A120C47D9664}.Ad-Hoc|x64.ActiveCfg = Debug|Any CPU
		{6787BBEC-6020-4D19-A1F4-A120C47D9664}.Ad-Hoc|x64.Build.0 = Debug|Any CPU
		{6787BBEC-6020-4D19-A1F4-A120C47D9664}.Ad-Hoc|x86.ActiveCfg = Debug|Any CPU
		{6787BBEC-6020-4D19-A1F4-A120C47D9664}.Ad-Hoc|x86.Build.0 = Debug|Any CPU
		{6787BBEC-6020-4D19-A1F4-A120C47D9664}.AppStore|Any CPU.ActiveCfg = Debug|Any CPU
		{6787BBEC-6020-4D19-A1F4-A120C47D9664}.AppStore|Any CPU.Build.0 = Debug|Any CPU
		{6787BBEC-6020-4D19-A1F4-A120C47D9664}.AppStore|ARM.ActiveCfg = Debug|Any CPU
		{6787BBEC-6020-4D19-A1F4-A120C47D9664}.AppStore|ARM.Build.0 = Debug|Any CPU
		{6787BBEC-6020-4D19-A1F4-A120C47D9664}.AppStore|iPhone.ActiveCfg = Debug|Any CPU
		{6787BBEC-6020-4D19-A1F4-A120C47D9664}.AppStore|iPhone.Build.0 = Debug|Any CPU
		{6787BBEC-6020-4D19-A1F4-A120C47D9664}.AppStore|iPhoneSimulator.ActiveCfg = Debug|Any CPU
		{6787BBEC-6020-4D19-A1F4-A120C47D9664}.AppStore|iPhoneSimulator.Build.0 = Debug|Any CPU
		{6787BBEC-6020-4D19-A1F4-A120C47D9664}.AppStore|x64.ActiveCfg = Debug|Any CPU
		{6787BBEC-6020-4D19-A1F4-A120C47D9664}.AppStore|x64.Build.0 = Debug|Any CPU
		{6787BBEC-6020-4D19-A1F4-A120C47D9664}.AppStore|x86.ActiveCfg = Debug|Any CPU
		{6787BBEC-6020-4D19-A1F4-A120C47D9664}.AppStore|x86.Build.0 = Debug|Any CPU
		{6787BBEC-6020-4D19-A1F4-A120C47D9664}.Debug|Any CPU.ActiveCfg = Debug|Any CPU
		{6787BBEC-6020-4D19-A1F4-A120C47D9664}.Debug|Any CPU.Build.0 = Debug|Any CPU
		{6787BBEC-6020-4D19-A1F4-A120C47D9664}.Debug|ARM.ActiveCfg = Debug|Any CPU
		{6787BBEC-6020-4D19-A1F4-A120C47D9664}.Debug|ARM.Build.0 = Debug|Any CPU
		{6787BBEC-6020-4D19-A1F4-A120C47D9664}.Debug|iPhone.ActiveCfg = Debug|Any CPU
		{6787BBEC-6020-4D19-A1F4-A120C47D9664}.Debug|iPhone.Build.0 = Debug|Any CPU
		{6787BBEC-6020-4D19-A1F4-A120C47D9664}.Debug|iPhoneSimulator.ActiveCfg = Debug|Any CPU
		{6787BBEC-6020-4D19-A1F4-A120C47D9664}.Debug|iPhoneSimulator.Build.0 = Debug|Any CPU
		{6787BBEC-6020-4D19-A1F4-A120C47D9664}.Debug|x64.ActiveCfg = Debug|Any CPU
		{6787BBEC-6020-4D19-A1F4-A120C47D9664}.Debug|x64.Build.0 = Debug|Any CPU
		{6787BBEC-6020-4D19-A1F4-A120C47D9664}.Debug|x86.ActiveCfg = Debug|Any CPU
		{6787BBEC-6020-4D19-A1F4-A120C47D9664}.Debug|x86.Build.0 = Debug|Any CPU
		{6787BBEC-6020-4D19-A1F4-A120C47D9664}.Release|Any CPU.ActiveCfg = Release|Any CPU
		{6787BBEC-6020-4D19-A1F4-A120C47D9664}.Release|Any CPU.Build.0 = Release|Any CPU
		{6787BBEC-6020-4D19-A1F4-A120C47D9664}.Release|ARM.ActiveCfg = Release|Any CPU
		{6787BBEC-6020-4D19-A1F4-A120C47D9664}.Release|ARM.Build.0 = Release|Any CPU
		{6787BBEC-6020-4D19-A1F4-A120C47D9664}.Release|iPhone.ActiveCfg = Release|Any CPU
		{6787BBEC-6020-4D19-A1F4-A120C47D9664}.Release|iPhone.Build.0 = Release|Any CPU
		{6787BBEC-6020-4D19-A1F4-A120C47D9664}.Release|iPhoneSimulator.ActiveCfg = Release|Any CPU
		{6787BBEC-6020-4D19-A1F4-A120C47D9664}.Release|iPhoneSimulator.Build.0 = Release|Any CPU
		{6787BBEC-6020-4D19-A1F4-A120C47D9664}.Release|x64.ActiveCfg = Release|Any CPU
		{6787BBEC-6020-4D19-A1F4-A120C47D9664}.Release|x64.Build.0 = Release|Any CPU
		{6787BBEC-6020-4D19-A1F4-A120C47D9664}.Release|x86.ActiveCfg = Release|Any CPU
		{6787BBEC-6020-4D19-A1F4-A120C47D9664}.Release|x86.Build.0 = Release|Any CPU
		{750F9737-1784-4028-AA31-3F660DF0BFBF}.Ad-Hoc|Any CPU.ActiveCfg = Release|Any CPU
		{750F9737-1784-4028-AA31-3F660DF0BFBF}.Ad-Hoc|Any CPU.Build.0 = Release|Any CPU
		{750F9737-1784-4028-AA31-3F660DF0BFBF}.Ad-Hoc|ARM.ActiveCfg = Release|Any CPU
		{750F9737-1784-4028-AA31-3F660DF0BFBF}.Ad-Hoc|ARM.Build.0 = Release|Any CPU
		{750F9737-1784-4028-AA31-3F660DF0BFBF}.Ad-Hoc|iPhone.ActiveCfg = Release|Any CPU
		{750F9737-1784-4028-AA31-3F660DF0BFBF}.Ad-Hoc|iPhone.Build.0 = Release|Any CPU
		{750F9737-1784-4028-AA31-3F660DF0BFBF}.Ad-Hoc|iPhoneSimulator.ActiveCfg = Release|Any CPU
		{750F9737-1784-4028-AA31-3F660DF0BFBF}.Ad-Hoc|iPhoneSimulator.Build.0 = Release|Any CPU
		{750F9737-1784-4028-AA31-3F660DF0BFBF}.Ad-Hoc|x64.ActiveCfg = Release|Any CPU
		{750F9737-1784-4028-AA31-3F660DF0BFBF}.Ad-Hoc|x64.Build.0 = Release|Any CPU
		{750F9737-1784-4028-AA31-3F660DF0BFBF}.Ad-Hoc|x86.ActiveCfg = Release|Any CPU
		{750F9737-1784-4028-AA31-3F660DF0BFBF}.Ad-Hoc|x86.Build.0 = Release|Any CPU
		{750F9737-1784-4028-AA31-3F660DF0BFBF}.AppStore|Any CPU.ActiveCfg = Release|Any CPU
		{750F9737-1784-4028-AA31-3F660DF0BFBF}.AppStore|Any CPU.Build.0 = Release|Any CPU
		{750F9737-1784-4028-AA31-3F660DF0BFBF}.AppStore|ARM.ActiveCfg = Release|Any CPU
		{750F9737-1784-4028-AA31-3F660DF0BFBF}.AppStore|ARM.Build.0 = Release|Any CPU
		{750F9737-1784-4028-AA31-3F660DF0BFBF}.AppStore|iPhone.ActiveCfg = Release|Any CPU
		{750F9737-1784-4028-AA31-3F660DF0BFBF}.AppStore|iPhone.Build.0 = Release|Any CPU
		{750F9737-1784-4028-AA31-3F660DF0BFBF}.AppStore|iPhoneSimulator.ActiveCfg = Release|Any CPU
		{750F9737-1784-4028-AA31-3F660DF0BFBF}.AppStore|iPhoneSimulator.Build.0 = Release|Any CPU
		{750F9737-1784-4028-AA31-3F660DF0BFBF}.AppStore|x64.ActiveCfg = Release|Any CPU
		{750F9737-1784-4028-AA31-3F660DF0BFBF}.AppStore|x64.Build.0 = Release|Any CPU
		{750F9737-1784-4028-AA31-3F660DF0BFBF}.AppStore|x86.ActiveCfg = Release|Any CPU
		{750F9737-1784-4028-AA31-3F660DF0BFBF}.AppStore|x86.Build.0 = Release|Any CPU
		{750F9737-1784-4028-AA31-3F660DF0BFBF}.Debug|Any CPU.ActiveCfg = Debug|Any CPU
		{750F9737-1784-4028-AA31-3F660DF0BFBF}.Debug|Any CPU.Build.0 = Debug|Any CPU
		{750F9737-1784-4028-AA31-3F660DF0BFBF}.Debug|ARM.ActiveCfg = Debug|Any CPU
		{750F9737-1784-4028-AA31-3F660DF0BFBF}.Debug|ARM.Build.0 = Debug|Any CPU
		{750F9737-1784-4028-AA31-3F660DF0BFBF}.Debug|iPhone.ActiveCfg = Debug|Any CPU
		{750F9737-1784-4028-AA31-3F660DF0BFBF}.Debug|iPhone.Build.0 = Debug|Any CPU
		{750F9737-1784-4028-AA31-3F660DF0BFBF}.Debug|iPhoneSimulator.ActiveCfg = Debug|Any CPU
		{750F9737-1784-4028-AA31-3F660DF0BFBF}.Debug|iPhoneSimulator.Build.0 = Debug|Any CPU
		{750F9737-1784-4028-AA31-3F660DF0BFBF}.Debug|x64.ActiveCfg = Debug|Any CPU
		{750F9737-1784-4028-AA31-3F660DF0BFBF}.Debug|x64.Build.0 = Debug|Any CPU
		{750F9737-1784-4028-AA31-3F660DF0BFBF}.Debug|x86.ActiveCfg = Debug|Any CPU
		{750F9737-1784-4028-AA31-3F660DF0BFBF}.Debug|x86.Build.0 = Debug|Any CPU
		{750F9737-1784-4028-AA31-3F660DF0BFBF}.Release|Any CPU.ActiveCfg = Release|Any CPU
		{750F9737-1784-4028-AA31-3F660DF0BFBF}.Release|Any CPU.Build.0 = Release|Any CPU
		{750F9737-1784-4028-AA31-3F660DF0BFBF}.Release|ARM.ActiveCfg = Release|Any CPU
		{750F9737-1784-4028-AA31-3F660DF0BFBF}.Release|ARM.Build.0 = Release|Any CPU
		{750F9737-1784-4028-AA31-3F660DF0BFBF}.Release|iPhone.ActiveCfg = Release|Any CPU
		{750F9737-1784-4028-AA31-3F660DF0BFBF}.Release|iPhone.Build.0 = Release|Any CPU
		{750F9737-1784-4028-AA31-3F660DF0BFBF}.Release|iPhoneSimulator.ActiveCfg = Release|Any CPU
		{750F9737-1784-4028-AA31-3F660DF0BFBF}.Release|iPhoneSimulator.Build.0 = Release|Any CPU
		{750F9737-1784-4028-AA31-3F660DF0BFBF}.Release|x64.ActiveCfg = Release|Any CPU
		{750F9737-1784-4028-AA31-3F660DF0BFBF}.Release|x64.Build.0 = Release|Any CPU
		{750F9737-1784-4028-AA31-3F660DF0BFBF}.Release|x86.ActiveCfg = Release|Any CPU
		{750F9737-1784-4028-AA31-3F660DF0BFBF}.Release|x86.Build.0 = Release|Any CPU
	EndGlobalSection
	GlobalSection(SolutionProperties) = preSolution
		HideSolutionNode = FALSE
	EndGlobalSection
	GlobalSection(NestedProjects) = preSolution
		{A086D442-3B99-427B-8729-132C22E0E3EF} = {D9924464-D9F1-44BB-9B4F-CDAF02764439}
		{294FE9CA-3EAE-4D3D-94CC-F4EEDEFAD04E} = {D9924464-D9F1-44BB-9B4F-CDAF02764439}
		{AD6D9CE5-CF87-4086-B5F0-545E2654D6C4} = {D9924464-D9F1-44BB-9B4F-CDAF02764439}
		{6B931001-F609-4E5A-889E-52C5D23B5B5A} = {D9924464-D9F1-44BB-9B4F-CDAF02764439}
		{750F9737-1784-4028-AA31-3F660DF0BFBF} = {35197FF3-7159-4BC9-B9C6-76796534CF1F}
	EndGlobalSection
	GlobalSection(ExtensibilityGlobals) = postSolution
		SolutionGuid = {35B0BF4F-1C06-4AA0-B2A6-BE3CCB2A5E6A}
	EndGlobalSection
EndGlobal
