
Microsoft Visual Studio Solution File, Format Version 12.00
Project("{FAE04EC0-301F-11D3-BF4B-00C04F79EFBC}") = "HttpTracer", "HttpTracer\HttpTracer.csproj", "{6AE51801-55DA-4324-A448-11279E158CC3}"
EndProject
Global
	GlobalSection(SolutionConfigurationPlatforms) = preSolution
		Debug|Any CPU = Debug|Any CPU
		Release|Any CPU = Release|Any CPU
	EndGlobalSection
	GlobalSection(ProjectConfigurationPlatforms) = postSolution
		{6AE51801-55DA-4324-A448-11279E158CC3}.Debug|Any CPU.ActiveCfg = Debug|Any CPU
		{6AE51801-55DA-4324-A448-11279E158CC3}.Debug|Any CPU.Build.0 = Debug|Any CPU
		{6AE51801-55DA-4324-A448-11279E158CC3}.Release|Any CPU.ActiveCfg = Release|Any CPU
		{6AE51801-55DA-4324-A448-11279E158CC3}.Release|Any CPU.Build.0 = Release|Any CPU
	EndGlobalSection
EndGlobal
